{
  "lockfileVersion": 1,
  "workspaces": {
    "": {
      "name": "bonk",
      "dependencies": {
        "@codama/nodes-from-anchor": "^1.2.2",
        "@codama/renderers": "^1.0.27",
        "@solana-program/compute-budget": "^0.8.0",
        "@solana-program/system": "^0.7.0",
        "@solana-program/token": "^0.5.1",
        "@solana/kit": "^2.3.0",
        "codama": "^1.3.0",
      },
      "devDependencies": {
        "@types/bun": "latest",
      },
      "peerDependencies": {
        "typescript": "^5.0.0",
      },
    },
  },
  "packages": {
    "@codama/errors": ["@codama/errors@1.3.1", "", { "dependencies": { "@codama/node-types": "1.3.1", "chalk": "^5.4.1", "commander": "^14.0.0" }, "bin": { "errors": "bin/cli.cjs" } }, "sha512-tsQ83+8RRV7lXcRuSqRZJCjEM0gsVGo4PXAKL9dokUJzSTMMPQU4y87ExUps5KjeXQf6MkfOzYnGKqGf4FtU4g=="],

    "@codama/node-types": ["@codama/node-types@1.3.1", "", {}, "sha512-tpZwqOnCNXs1aLj95+ZjQW3K96LkiekqsYFTmuJxgspWoR3Ro+NDQEoxD3j5364hIYt0VfjcZlAcFD6y95GaQA=="],

    "@codama/nodes": ["@codama/nodes@1.3.1", "", { "dependencies": { "@codama/errors": "1.3.1", "@codama/node-types": "1.3.1" } }, "sha512-ipmZFoX8Q7+2tKLOrTwcZ4R9eurhDyPU/oZ8I+2jNAuFEEW5mUewdNdeCt8xcq+vduovAd2BuvC3eJp2WbohCQ=="],

    "@codama/nodes-from-anchor": ["@codama/nodes-from-anchor@1.2.3", "", { "dependencies": { "@codama/errors": "1.3.1", "@codama/nodes": "1.3.1", "@codama/visitors": "1.3.1", "@noble/hashes": "^1.8.0", "@solana/codecs": "^2.3.0" } }, "sha512-0ALDfHPGqYZLk86LBZ3LVR3dHiJm0h1VsqLHlM7wF/Gikt4z4bKR/vld/3larAt80HFNxptLB0zDGy513jhY8Q=="],

    "@codama/renderers": ["@codama/renderers@1.0.28", "", { "dependencies": { "@codama/renderers-js": "1.3.2", "@codama/renderers-js-umi": "1.1.17", "@codama/renderers-rust": "1.1.3" } }, "sha512-3/GLY/V/Uuw/gEG8/OpSC+SgdcBX+2ksUXXbOuBn1dqf2s3QoGRDRsCfMy0Bu+CkrO+epDUQmV2+IbwXfkS/lg=="],

    "@codama/renderers-core": ["@codama/renderers-core@1.0.17", "", { "dependencies": { "@codama/errors": "1.3.1", "@codama/nodes": "1.3.1", "@codama/visitors-core": "1.3.1" } }, "sha512-pH0tyCrkhmmc84V5kAfXAiaTn+FPPW8nM530cZWneWr2q12frgmCtmIwrGcRKyqDPnS/dJ05P+y/TOZMit+Ldg=="],

    "@codama/renderers-js": ["@codama/renderers-js@1.3.2", "", { "dependencies": { "@codama/errors": "1.3.1", "@codama/nodes": "1.3.1", "@codama/renderers-core": "1.0.17", "@codama/visitors-core": "1.3.1", "@solana/codecs-strings": "^2.3.0", "nunjucks": "^3.2.4", "prettier": "^3.6.2" } }, "sha512-LDYurCw+rWVMlRiZSClQFYdV52TmEMjMBsP3HBUID4I0WQcZhQYzlnQEQbasnlBSHuVOLvjGEMztC7g2yioZIg=="],

    "@codama/renderers-js-umi": ["@codama/renderers-js-umi@1.1.17", "", { "dependencies": { "@codama/errors": "1.3.1", "@codama/nodes": "1.3.1", "@codama/renderers-core": "1.0.17", "@codama/validators": "1.3.1", "@codama/visitors-core": "1.3.1", "@solana/codecs-strings": "^2.3.0", "nunjucks": "^3.2.4", "prettier": "^3.6.2" } }, "sha512-tVUfD4JB3RDT4qq9c7DA+3fLF1YlG2WKbQqh1TLJN2hXUOY/mrb+EjVnGuWw23GiPIsB26l4kmg1de9ZI5tdHg=="],

    "@codama/renderers-rust": ["@codama/renderers-rust@1.1.3", "", { "dependencies": { "@codama/errors": "1.3.1", "@codama/nodes": "1.3.1", "@codama/renderers-core": "1.0.17", "@codama/visitors-core": "1.3.1", "@solana/codecs-strings": "^2.3.0", "nunjucks": "^3.2.4" } }, "sha512-hUk9yFfyq376x41jU4sSUAx3CKemybGH6mjqmIvMmjPPcupPxdoRPkI+CpidbfNMlkSG6vlpJR5CHSR3j909eQ=="],

    "@codama/validators": ["@codama/validators@1.3.1", "", { "dependencies": { "@codama/errors": "1.3.1", "@codama/nodes": "1.3.1", "@codama/visitors-core": "1.3.1" } }, "sha512-xgPz3dzUirrS+qkxQpFHm+g4WhUW8ff7wfgjzZEVnaMrc8qKhOPgFO8b0WwPVZSytUMTdhqIpa+zLNZg8vvzNw=="],

    "@codama/visitors": ["@codama/visitors@1.3.1", "", { "dependencies": { "@codama/errors": "1.3.1", "@codama/nodes": "1.3.1", "@codama/visitors-core": "1.3.1" } }, "sha512-C6JZB9HrsPw7ZFogU+b8S7yRqznHpDuskyCY3103ZLknNs0SadOrry22ITQrS3Q3TETGGu3LOk8nu86CuLYl/Q=="],

    "@codama/visitors-core": ["@codama/visitors-core@1.3.1", "", { "dependencies": { "@codama/errors": "1.3.1", "@codama/nodes": "1.3.1", "json-stable-stringify": "^1.3.0" } }, "sha512-dlwzywaJEKO22QC/E3LpfVqNbSkTBXzFVR6pSGhWan/MNn//UR5+jyp3bFIKr+KPFDq+czilgFvFvllq5XFAXw=="],

    "@noble/hashes": ["@noble/hashes@1.8.0", "", {}, "sha512-jCs9ldd7NwzpgXDIf6P3+NrHh9/sD6CQdxHyjQI+h/6rDNo88ypBxxz45UDuZHz9r3tNz7N/VInSVoVdtXEI4A=="],

    "@solana-program/compute-budget": ["@solana-program/compute-budget@0.8.0", "", { "peerDependencies": { "@solana/kit": "^2.1.0" } }, "sha512-qPKxdxaEsFxebZ4K5RPuy7VQIm/tfJLa1+Nlt3KNA8EYQkz9Xm8htdoEaXVrer9kpgzzp9R3I3Bh6omwCM06tQ=="],

    "@solana-program/system": ["@solana-program/system@0.7.0", "", { "peerDependencies": { "@solana/kit": "^2.1.0" } }, "sha512-FKTBsKHpvHHNc1ATRm7SlC5nF/VdJtOSjldhcyfMN9R7xo712Mo2jHIzvBgn8zQO5Kg0DcWuKB7268Kv1ocicw=="],

    "@solana-program/token": ["@solana-program/token@0.5.1", "", { "peerDependencies": { "@solana/kit": "^2.1.0" } }, "sha512-bJvynW5q9SFuVOZ5vqGVkmaPGA0MCC+m9jgJj1nk5m20I389/ms69ASnhWGoOPNcie7S9OwBX0gTj2fiyWpfag=="],

    "@solana/accounts": ["@solana/accounts@2.3.0", "", { "dependencies": { "@solana/addresses": "2.3.0", "@solana/codecs-core": "2.3.0", "@solana/codecs-strings": "2.3.0", "@solana/errors": "2.3.0", "@solana/rpc-spec": "2.3.0", "@solana/rpc-types": "2.3.0" }, "peerDependencies": { "typescript": ">=5.3.3" } }, "sha512-QgQTj404Z6PXNOyzaOpSzjgMOuGwG8vC66jSDB+3zHaRcEPRVRd2sVSrd1U6sHtnV3aiaS6YyDuPQMheg4K2jw=="],

    "@solana/addresses": ["@solana/addresses@2.3.0", "", { "dependencies": { "@solana/assertions": "2.3.0", "@solana/codecs-core": "2.3.0", "@solana/codecs-strings": "2.3.0", "@solana/errors": "2.3.0", "@solana/nominal-types": "2.3.0" }, "peerDependencies": { "typescript": ">=5.3.3" } }, "sha512-ypTNkY2ZaRFpHLnHAgaW8a83N0/WoqdFvCqf4CQmnMdFsZSdC7qOwcbd7YzdaQn9dy+P2hybewzB+KP7LutxGA=="],

    "@solana/assertions": ["@solana/assertions@2.3.0", "", { "dependencies": { "@solana/errors": "2.3.0" }, "peerDependencies": { "typescript": ">=5.3.3" } }, "sha512-Ekoet3khNg3XFLN7MIz8W31wPQISpKUGDGTylLptI+JjCDWx3PIa88xjEMqFo02WJ8sBj2NLV64Xg1sBcsHjZQ=="],

    "@solana/codecs": ["@solana/codecs@2.3.0", "", { "dependencies": { "@solana/codecs-core": "2.3.0", "@solana/codecs-data-structures": "2.3.0", "@solana/codecs-numbers": "2.3.0", "@solana/codecs-strings": "2.3.0", "@solana/options": "2.3.0" }, "peerDependencies": { "typescript": ">=5.3.3" } }, "sha512-JVqGPkzoeyU262hJGdH64kNLH0M+Oew2CIPOa/9tR3++q2pEd4jU2Rxdfye9sd0Ce3XJrR5AIa8ZfbyQXzjh+g=="],

    "@solana/codecs-core": ["@solana/codecs-core@2.3.0", "", { "dependencies": { "@solana/errors": "2.3.0" }, "peerDependencies": { "typescript": ">=5.3.3" } }, "sha512-oG+VZzN6YhBHIoSKgS5ESM9VIGzhWjEHEGNPSibiDTxFhsFWxNaz8LbMDPjBUE69r9wmdGLkrQ+wVPbnJcZPvw=="],

    "@solana/codecs-data-structures": ["@solana/codecs-data-structures@2.3.0", "", { "dependencies": { "@solana/codecs-core": "2.3.0", "@solana/codecs-numbers": "2.3.0", "@solana/errors": "2.3.0" }, "peerDependencies": { "typescript": ">=5.3.3" } }, "sha512-qvU5LE5DqEdYMYgELRHv+HMOx73sSoV1ZZkwIrclwUmwTbTaH8QAJURBj0RhQ/zCne7VuLLOZFFGv6jGigWhSw=="],

    "@solana/codecs-numbers": ["@solana/codecs-numbers@2.3.0", "", { "dependencies": { "@solana/codecs-core": "2.3.0", "@solana/errors": "2.3.0" }, "peerDependencies": { "typescript": ">=5.3.3" } }, "sha512-jFvvwKJKffvG7Iz9dmN51OGB7JBcy2CJ6Xf3NqD/VP90xak66m/Lg48T01u5IQ/hc15mChVHiBm+HHuOFDUrQg=="],

    "@solana/codecs-strings": ["@solana/codecs-strings@2.3.0", "", { "dependencies": { "@solana/codecs-core": "2.3.0", "@solana/codecs-numbers": "2.3.0", "@solana/errors": "2.3.0" }, "peerDependencies": { "fastestsmallesttextencoderdecoder": "^1.0.22", "typescript": ">=5.3.3" } }, "sha512-y5pSBYwzVziXu521hh+VxqUtp0hYGTl1eWGoc1W+8mdvBdC1kTqm/X7aYQw33J42hw03JjryvYOvmGgk3Qz/Ug=="],

    "@solana/errors": ["@solana/errors@2.3.0", "", { "dependencies": { "chalk": "^5.4.1", "commander": "^14.0.0" }, "peerDependencies": { "typescript": ">=5.3.3" }, "bin": { "errors": "bin/cli.mjs" } }, "sha512-66RI9MAbwYV0UtP7kGcTBVLxJgUxoZGm8Fbc0ah+lGiAw17Gugco6+9GrJCV83VyF2mDWyYnYM9qdI3yjgpnaQ=="],

    "@solana/fast-stable-stringify": ["@solana/fast-stable-stringify@2.3.0", "", { "peerDependencies": { "typescript": ">=5.3.3" } }, "sha512-KfJPrMEieUg6D3hfQACoPy0ukrAV8Kio883llt/8chPEG3FVTX9z/Zuf4O01a15xZmBbmQ7toil2Dp0sxMJSxw=="],

    "@solana/functional": ["@solana/functional@2.3.0", "", { "peerDependencies": { "typescript": ">=5.3.3" } }, "sha512-AgsPh3W3tE+nK3eEw/W9qiSfTGwLYEvl0rWaxHht/lRcuDVwfKRzeSa5G79eioWFFqr+pTtoCr3D3OLkwKz02Q=="],

    "@solana/instructions": ["@solana/instructions@2.3.0", "", { "dependencies": { "@solana/codecs-core": "2.3.0", "@solana/errors": "2.3.0" }, "peerDependencies": { "typescript": ">=5.3.3" } }, "sha512-PLMsmaIKu7hEAzyElrk2T7JJx4D+9eRwebhFZpy2PXziNSmFF929eRHKUsKqBFM3cYR1Yy3m6roBZfA+bGE/oQ=="],

    "@solana/keys": ["@solana/keys@2.3.0", "", { "dependencies": { "@solana/assertions": "2.3.0", "@solana/codecs-core": "2.3.0", "@solana/codecs-strings": "2.3.0", "@solana/errors": "2.3.0", "@solana/nominal-types": "2.3.0" }, "peerDependencies": { "typescript": ">=5.3.3" } }, "sha512-ZVVdga79pNH+2pVcm6fr2sWz9HTwfopDVhYb0Lh3dh+WBmJjwkabXEIHey2rUES7NjFa/G7sV8lrUn/v8LDCCQ=="],

    "@solana/kit": ["@solana/kit@2.3.0", "", { "dependencies": { "@solana/accounts": "2.3.0", "@solana/addresses": "2.3.0", "@solana/codecs": "2.3.0", "@solana/errors": "2.3.0", "@solana/functional": "2.3.0", "@solana/instructions": "2.3.0", "@solana/keys": "2.3.0", "@solana/programs": "2.3.0", "@solana/rpc": "2.3.0", "@solana/rpc-parsed-types": "2.3.0", "@solana/rpc-spec-types": "2.3.0", "@solana/rpc-subscriptions": "2.3.0", "@solana/rpc-types": "2.3.0", "@solana/signers": "2.3.0", "@solana/sysvars": "2.3.0", "@solana/transaction-confirmation": "2.3.0", "@solana/transaction-messages": "2.3.0", "@solana/transactions": "2.3.0" }, "peerDependencies": { "typescript": ">=5.3.3" } }, "sha512-sb6PgwoW2LjE5oTFu4lhlS/cGt/NB3YrShEyx7JgWFWysfgLdJnhwWThgwy/4HjNsmtMrQGWVls0yVBHcMvlMQ=="],

    "@solana/nominal-types": ["@solana/nominal-types@2.3.0", "", { "peerDependencies": { "typescript": ">=5.3.3" } }, "sha512-uKlMnlP4PWW5UTXlhKM8lcgIaNj8dvd8xO4Y9l+FVvh9RvW2TO0GwUO6JCo7JBzCB0PSqRJdWWaQ8pu1Ti/OkA=="],

    "@solana/options": ["@solana/options@2.3.0", "", { "dependencies": { "@solana/codecs-core": "2.3.0", "@solana/codecs-data-structures": "2.3.0", "@solana/codecs-numbers": "2.3.0", "@solana/codecs-strings": "2.3.0", "@solana/errors": "2.3.0" }, "peerDependencies": { "typescript": ">=5.3.3" } }, "sha512-PPnnZBRCWWoZQ11exPxf//DRzN2C6AoFsDI/u2AsQfYih434/7Kp4XLpfOMT/XESi+gdBMFNNfbES5zg3wAIkw=="],

    "@solana/programs": ["@solana/programs@2.3.0", "", { "dependencies": { "@solana/addresses": "2.3.0", "@solana/errors": "2.3.0" }, "peerDependencies": { "typescript": ">=5.3.3" } }, "sha512-UXKujV71VCI5uPs+cFdwxybtHZAIZyQkqDiDnmK+DawtOO9mBn4Nimdb/6RjR2CXT78mzO9ZCZ3qfyX+ydcB7w=="],

    "@solana/promises": ["@solana/promises@2.3.0", "", { "peerDependencies": { "typescript": ">=5.3.3" } }, "sha512-GjVgutZKXVuojd9rWy1PuLnfcRfqsaCm7InCiZc8bqmJpoghlyluweNc7ml9Y5yQn1P2IOyzh9+p/77vIyNybQ=="],

    "@solana/rpc": ["@solana/rpc@2.3.0", "", { "dependencies": { "@solana/errors": "2.3.0", "@solana/fast-stable-stringify": "2.3.0", "@solana/functional": "2.3.0", "@solana/rpc-api": "2.3.0", "@solana/rpc-spec": "2.3.0", "@solana/rpc-spec-types": "2.3.0", "@solana/rpc-transformers": "2.3.0", "@solana/rpc-transport-http": "2.3.0", "@solana/rpc-types": "2.3.0" }, "peerDependencies": { "typescript": ">=5.3.3" } }, "sha512-ZWN76iNQAOCpYC7yKfb3UNLIMZf603JckLKOOLTHuy9MZnTN8XV6uwvDFhf42XvhglgUjGCEnbUqWtxQ9pa/pQ=="],

    "@solana/rpc-api": ["@solana/rpc-api@2.3.0", "", { "dependencies": { "@solana/addresses": "2.3.0", "@solana/codecs-core": "2.3.0", "@solana/codecs-strings": "2.3.0", "@solana/errors": "2.3.0", "@solana/keys": "2.3.0", "@solana/rpc-parsed-types": "2.3.0", "@solana/rpc-spec": "2.3.0", "@solana/rpc-transformers": "2.3.0", "@solana/rpc-types": "2.3.0", "@solana/transaction-messages": "2.3.0", "@solana/transactions": "2.3.0" }, "peerDependencies": { "typescript": ">=5.3.3" } }, "sha512-UUdiRfWoyYhJL9PPvFeJr4aJ554ob2jXcpn4vKmRVn9ire0sCbpQKYx6K8eEKHZWXKrDW8IDspgTl0gT/aJWVg=="],

    "@solana/rpc-parsed-types": ["@solana/rpc-parsed-types@2.3.0", "", { "peerDependencies": { "typescript": ">=5.3.3" } }, "sha512-B5pHzyEIbBJf9KHej+zdr5ZNAdSvu7WLU2lOUPh81KHdHQs6dEb310LGxcpCc7HVE8IEdO20AbckewDiAN6OCg=="],

    "@solana/rpc-spec": ["@solana/rpc-spec@2.3.0", "", { "dependencies": { "@solana/errors": "2.3.0", "@solana/rpc-spec-types": "2.3.0" }, "peerDependencies": { "typescript": ">=5.3.3" } }, "sha512-fA2LMX4BMixCrNB2n6T83AvjZ3oUQTu7qyPLyt8gHQaoEAXs8k6GZmu6iYcr+FboQCjUmRPgMaABbcr9j2J9Sw=="],

    "@solana/rpc-spec-types": ["@solana/rpc-spec-types@2.3.0", "", { "peerDependencies": { "typescript": ">=5.3.3" } }, "sha512-xQsb65lahjr8Wc9dMtP7xa0ZmDS8dOE2ncYjlvfyw/h4mpdXTUdrSMi6RtFwX33/rGuztQ7Hwaid5xLNSLvsFQ=="],

    "@solana/rpc-subscriptions": ["@solana/rpc-subscriptions@2.3.0", "", { "dependencies": { "@solana/errors": "2.3.0", "@solana/fast-stable-stringify": "2.3.0", "@solana/functional": "2.3.0", "@solana/promises": "2.3.0", "@solana/rpc-spec-types": "2.3.0", "@solana/rpc-subscriptions-api": "2.3.0", "@solana/rpc-subscriptions-channel-websocket": "2.3.0", "@solana/rpc-subscriptions-spec": "2.3.0", "@solana/rpc-transformers": "2.3.0", "@solana/rpc-types": "2.3.0", "@solana/subscribable": "2.3.0" }, "peerDependencies": { "typescript": ">=5.3.3" } }, "sha512-Uyr10nZKGVzvCOqwCZgwYrzuoDyUdwtgQRefh13pXIrdo4wYjVmoLykH49Omt6abwStB0a4UL5gX9V4mFdDJZg=="],

    "@solana/rpc-subscriptions-api": ["@solana/rpc-subscriptions-api@2.3.0", "", { "dependencies": { "@solana/addresses": "2.3.0", "@solana/keys": "2.3.0", "@solana/rpc-subscriptions-spec": "2.3.0", "@solana/rpc-transformers": "2.3.0", "@solana/rpc-types": "2.3.0", "@solana/transaction-messages": "2.3.0", "@solana/transactions": "2.3.0" }, "peerDependencies": { "typescript": ">=5.3.3" } }, "sha512-9mCjVbum2Hg9KGX3LKsrI5Xs0KX390lS+Z8qB80bxhar6MJPugqIPH8uRgLhCW9GN3JprAfjRNl7our8CPvsPQ=="],

    "@solana/rpc-subscriptions-channel-websocket": ["@solana/rpc-subscriptions-channel-websocket@2.3.0", "", { "dependencies": { "@solana/errors": "2.3.0", "@solana/functional": "2.3.0", "@solana/rpc-subscriptions-spec": "2.3.0", "@solana/subscribable": "2.3.0" }, "peerDependencies": { "typescript": ">=5.3.3", "ws": "^8.18.0" } }, "sha512-2oL6ceFwejIgeWzbNiUHI2tZZnaOxNTSerszcin7wYQwijxtpVgUHiuItM/Y70DQmH9sKhmikQp+dqeGalaJxw=="],

    "@solana/rpc-subscriptions-spec": ["@solana/rpc-subscriptions-spec@2.3.0", "", { "dependencies": { "@solana/errors": "2.3.0", "@solana/promises": "2.3.0", "@solana/rpc-spec-types": "2.3.0", "@solana/subscribable": "2.3.0" }, "peerDependencies": { "typescript": ">=5.3.3" } }, "sha512-rdmVcl4PvNKQeA2l8DorIeALCgJEMSu7U8AXJS1PICeb2lQuMeaR+6cs/iowjvIB0lMVjYN2sFf6Q3dJPu6wWg=="],

    "@solana/rpc-transformers": ["@solana/rpc-transformers@2.3.0", "", { "dependencies": { "@solana/errors": "2.3.0", "@solana/functional": "2.3.0", "@solana/nominal-types": "2.3.0", "@solana/rpc-spec-types": "2.3.0", "@solana/rpc-types": "2.3.0" }, "peerDependencies": { "typescript": ">=5.3.3" } }, "sha512-UuHYK3XEpo9nMXdjyGKkPCOr7WsZsxs7zLYDO1A5ELH3P3JoehvrDegYRAGzBS2VKsfApZ86ZpJToP0K3PhmMA=="],

    "@solana/rpc-transport-http": ["@solana/rpc-transport-http@2.3.0", "", { "dependencies": { "@solana/errors": "2.3.0", "@solana/rpc-spec": "2.3.0", "@solana/rpc-spec-types": "2.3.0", "undici-types": "^7.11.0" }, "peerDependencies": { "typescript": ">=5.3.3" } }, "sha512-HFKydmxGw8nAF5N+S0NLnPBDCe5oMDtI2RAmW8DMqP4U3Zxt2XWhvV1SNkAldT5tF0U1vP+is6fHxyhk4xqEvg=="],

    "@solana/rpc-types": ["@solana/rpc-types@2.3.0", "", { "dependencies": { "@solana/addresses": "2.3.0", "@solana/codecs-core": "2.3.0", "@solana/codecs-numbers": "2.3.0", "@solana/codecs-strings": "2.3.0", "@solana/errors": "2.3.0", "@solana/nominal-types": "2.3.0" }, "peerDependencies": { "typescript": ">=5.3.3" } }, "sha512-O09YX2hED2QUyGxrMOxQ9GzH1LlEwwZWu69QbL4oYmIf6P5dzEEHcqRY6L1LsDVqc/dzAdEs/E1FaPrcIaIIPw=="],

    "@solana/signers": ["@solana/signers@2.3.0", "", { "dependencies": { "@solana/addresses": "2.3.0", "@solana/codecs-core": "2.3.0", "@solana/errors": "2.3.0", "@solana/instructions": "2.3.0", "@solana/keys": "2.3.0", "@solana/nominal-types": "2.3.0", "@solana/transaction-messages": "2.3.0", "@solana/transactions": "2.3.0" }, "peerDependencies": { "typescript": ">=5.3.3" } }, "sha512-OSv6fGr/MFRx6J+ZChQMRqKNPGGmdjkqarKkRzkwmv7v8quWsIRnJT5EV8tBy3LI4DLO/A8vKiNSPzvm1TdaiQ=="],

    "@solana/subscribable": ["@solana/subscribable@2.3.0", "", { "dependencies": { "@solana/errors": "2.3.0" }, "peerDependencies": { "typescript": ">=5.3.3" } }, "sha512-DkgohEDbMkdTWiKAoatY02Njr56WXx9e/dKKfmne8/Ad6/2llUIrax78nCdlvZW9quXMaXPTxZvdQqo9N669Og=="],

    "@solana/sysvars": ["@solana/sysvars@2.3.0", "", { "dependencies": { "@solana/accounts": "2.3.0", "@solana/codecs": "2.3.0", "@solana/errors": "2.3.0", "@solana/rpc-types": "2.3.0" }, "peerDependencies": { "typescript": ">=5.3.3" } }, "sha512-LvjADZrpZ+CnhlHqfI5cmsRzX9Rpyb1Ox2dMHnbsRNzeKAMhu9w4ZBIaeTdO322zsTr509G1B+k2ABD3whvUBA=="],

    "@solana/transaction-confirmation": ["@solana/transaction-confirmation@2.3.0", "", { "dependencies": { "@solana/addresses": "2.3.0", "@solana/codecs-strings": "2.3.0", "@solana/errors": "2.3.0", "@solana/keys": "2.3.0", "@solana/promises": "2.3.0", "@solana/rpc": "2.3.0", "@solana/rpc-subscriptions": "2.3.0", "@solana/rpc-types": "2.3.0", "@solana/transaction-messages": "2.3.0", "@solana/transactions": "2.3.0" }, "peerDependencies": { "typescript": ">=5.3.3" } }, "sha512-UiEuiHCfAAZEKdfne/XljFNJbsKAe701UQHKXEInYzIgBjRbvaeYZlBmkkqtxwcasgBTOmEaEKT44J14N9VZDw=="],

    "@solana/transaction-messages": ["@solana/transaction-messages@2.3.0", "", { "dependencies": { "@solana/addresses": "2.3.0", "@solana/codecs-core": "2.3.0", "@solana/codecs-data-structures": "2.3.0", "@solana/codecs-numbers": "2.3.0", "@solana/errors": "2.3.0", "@solana/functional": "2.3.0", "@solana/instructions": "2.3.0", "@solana/nominal-types": "2.3.0", "@solana/rpc-types": "2.3.0" }, "peerDependencies": { "typescript": ">=5.3.3" } }, "sha512-bgqvWuy3MqKS5JdNLH649q+ngiyOu5rGS3DizSnWwYUd76RxZl1kN6CoqHSrrMzFMvis6sck/yPGG3wqrMlAww=="],

    "@solana/transactions": ["@solana/transactions@2.3.0", "", { "dependencies": { "@solana/addresses": "2.3.0", "@solana/codecs-core": "2.3.0", "@solana/codecs-data-structures": "2.3.0", "@solana/codecs-numbers": "2.3.0", "@solana/codecs-strings": "2.3.0", "@solana/errors": "2.3.0", "@solana/functional": "2.3.0", "@solana/instructions": "2.3.0", "@solana/keys": "2.3.0", "@solana/nominal-types": "2.3.0", "@solana/rpc-types": "2.3.0", "@solana/transaction-messages": "2.3.0" }, "peerDependencies": { "typescript": ">=5.3.3" } }, "sha512-LnTvdi8QnrQtuEZor5Msje61sDpPstTVwKg4y81tNxDhiyomjuvnSNLAq6QsB9gIxUqbNzPZgOG9IU4I4/Uaug=="],

    "@types/bun": ["@types/bun@1.2.19", "", { "dependencies": { "bun-types": "1.2.19" } }, "sha512-d9ZCmrH3CJ2uYKXQIUuZ/pUnTqIvLDS0SK7pFmbx8ma+ziH/FRMoAq5bYpRG7y+w1gl+HgyNZbtqgMq4W4e2Lg=="],

    "@types/node": ["@types/node@24.1.0", "", { "dependencies": { "undici-types": "~7.8.0" } }, "sha512-ut5FthK5moxFKH2T1CUOC6ctR67rQRvvHdFLCD2Ql6KXmMuCrjsSsRI9UsLCm9M18BMwClv4pn327UvB7eeO1w=="],

    "@types/react": ["@types/react@19.1.9", "", { "dependencies": { "csstype": "^3.0.2" } }, "sha512-WmdoynAX8Stew/36uTSVMcLJJ1KRh6L3IZRx1PZ7qJtBqT3dYTgyDTx8H1qoRghErydW7xw9mSJ3wS//tCRpFA=="],

    "a-sync-waterfall": ["a-sync-waterfall@1.0.1", "", {}, "sha512-RYTOHHdWipFUliRFMCS4X2Yn2X8M87V/OpSqWzKKOGhzqyUxzyVmhHDH9sAvG+ZuQf/TAOFsLCpMw09I1ufUnA=="],

    "asap": ["asap@2.0.6", "", {}, "sha512-BSHWgDSAiKs50o2Re8ppvp3seVHXSRM44cdSsT9FfNEUUZLOGWVCsiWaRPWM1Znn+mqZ1OfVZ3z3DWEzSp7hRA=="],

    "bun-types": ["bun-types@1.2.19", "", { "dependencies": { "@types/node": "*" }, "peerDependencies": { "@types/react": "^19" } }, "sha512-uAOTaZSPuYsWIXRpj7o56Let0g/wjihKCkeRqUBhlLVM/Bt+Fj9xTo+LhC1OV1XDaGkz4hNC80et5xgy+9KTHQ=="],

    "call-bind": ["call-bind@1.0.8", "", { "dependencies": { "call-bind-apply-helpers": "^1.0.0", "es-define-property": "^1.0.0", "get-intrinsic": "^1.2.4", "set-function-length": "^1.2.2" } }, "sha512-oKlSFMcMwpUg2ednkhQ454wfWiU/ul3CkJe/PEHcTKuiX6RpbehUiFMXu13HalGZxfUwCQzZG747YXBn1im9ww=="],

    "call-bind-apply-helpers": ["call-bind-apply-helpers@1.0.2", "", { "dependencies": { "es-errors": "^1.3.0", "function-bind": "^1.1.2" } }, "sha512-Sp1ablJ0ivDkSzjcaJdxEunN5/XvksFJ2sMBFfq6x0ryhQV/2b/KwFe21cMpmHtPOSij8K99/wSfoEuTObmuMQ=="],

    "call-bound": ["call-bound@1.0.4", "", { "dependencies": { "call-bind-apply-helpers": "^1.0.2", "get-intrinsic": "^1.3.0" } }, "sha512-+ys997U96po4Kx/ABpBCqhA9EuxJaQWDQg7295H4hBphv3IZg0boBKuwYpt4YXp6MZ5AmZQnU/tyMTlRpaSejg=="],

    "chalk": ["chalk@5.4.1", "", {}, "sha512-zgVZuo2WcZgfUEmsn6eO3kINexW8RAE4maiQ8QNs8CtpPCSyMiYsULR3HQYkm3w8FIA3SberyMJMSldGsW+U3w=="],

    "codama": ["codama@1.3.1", "", { "dependencies": { "@codama/errors": "1.3.1", "@codama/nodes": "1.3.1", "@codama/validators": "1.3.1", "@codama/visitors": "1.3.1" } }, "sha512-ItaKBdCaAO0S9rYkI27Wkm3T614YP+ks4qmvVk+CN5bbj1q+Jr2itPYOLYjEbRIBxTiHvZrWgiGUage72QEq8Q=="],

    "commander": ["commander@14.0.0", "", {}, "sha512-2uM9rYjPvyq39NwLRqaiLtWHyDC1FvryJDa2ATTVims5YAS4PupsEQsDvP14FqhFr0P49CYDugi59xaxJlTXRA=="],

    "csstype": ["csstype@3.1.3", "", {}, "sha512-M1uQkMl8rQK/szD0LNhtqxIPLpimGm8sOBwU7lLnCpSbTyY3yeU1Vc7l4KT5zT4s/yOxHH5O7tIuuLOCnLADRw=="],

    "define-data-property": ["define-data-property@1.1.4", "", { "dependencies": { "es-define-property": "^1.0.0", "es-errors": "^1.3.0", "gopd": "^1.0.1" } }, "sha512-rBMvIzlpA8v6E+SJZoo++HAYqsLrkg7MSfIinMPFhmkorw7X+dOXVJQs+QT69zGkzMyfDnIMN2Wid1+NbL3T+A=="],

    "dunder-proto": ["dunder-proto@1.0.1", "", { "dependencies": { "call-bind-apply-helpers": "^1.0.1", "es-errors": "^1.3.0", "gopd": "^1.2.0" } }, "sha512-KIN/nDJBQRcXw0MLVhZE9iQHmG68qAVIBg9CqmUYjmQIhgij9U5MFvrqkUL5FbtyyzZuOeOt0zdeRe4UY7ct+A=="],

    "es-define-property": ["es-define-property@1.0.1", "", {}, "sha512-e3nRfgfUZ4rNGL232gUgX06QNyyez04KdjFrF+LTRoOXmrOgFKDg4BCdsjW8EnT69eqdYGmRpJwiPVYNrCaW3g=="],

    "es-errors": ["es-errors@1.3.0", "", {}, "sha512-Zf5H2Kxt2xjTvbJvP2ZWLEICxA6j+hAmMzIlypy4xcBg1vKVnx89Wy0GbS+kf5cwCVFFzdCFh2XSCFNULS6csw=="],

    "es-object-atoms": ["es-object-atoms@1.1.1", "", { "dependencies": { "es-errors": "^1.3.0" } }, "sha512-FGgH2h8zKNim9ljj7dankFPcICIK9Cp5bm+c2gQSYePhpaG5+esrLODihIorn+Pe6FGJzWhXQotPv73jTaldXA=="],

    "fastestsmallesttextencoderdecoder": ["fastestsmallesttextencoderdecoder@1.0.22", "", {}, "sha512-Pb8d48e+oIuY4MaM64Cd7OW1gt4nxCHs7/ddPPZ/Ic3sg8yVGM7O9wDvZ7us6ScaUupzM+pfBolwtYhN1IxBIw=="],

    "function-bind": ["function-bind@1.1.2", "", {}, "sha512-7XHNxH7qX9xG5mIwxkhumTox/MIRNcOgDrxWsMt2pAr23WHp6MrRlN7FBSFpCpr+oVO0F744iUgR82nJMfG2SA=="],

    "get-intrinsic": ["get-intrinsic@1.3.0", "", { "dependencies": { "call-bind-apply-helpers": "^1.0.2", "es-define-property": "^1.0.1", "es-errors": "^1.3.0", "es-object-atoms": "^1.1.1", "function-bind": "^1.1.2", "get-proto": "^1.0.1", "gopd": "^1.2.0", "has-symbols": "^1.1.0", "hasown": "^2.0.2", "math-intrinsics": "^1.1.0" } }, "sha512-9fSjSaos/fRIVIp+xSJlE6lfwhES7LNtKaCBIamHsjr2na1BiABJPo0mOjjz8GJDURarmCPGqaiVg5mfjb98CQ=="],

    "get-proto": ["get-proto@1.0.1", "", { "dependencies": { "dunder-proto": "^1.0.1", "es-object-atoms": "^1.0.0" } }, "sha512-sTSfBjoXBp89JvIKIefqw7U2CCebsc74kiY6awiGogKtoSGbgjYE/G/+l9sF3MWFPNc9IcoOC4ODfKHfxFmp0g=="],

    "gopd": ["gopd@1.2.0", "", {}, "sha512-ZUKRh6/kUFoAiTAtTYPZJ3hw9wNxx+BIBOijnlG9PnrJsCcSjs1wyyD6vJpaYtgnzDrKYRSqf3OO6Rfa93xsRg=="],

    "has-property-descriptors": ["has-property-descriptors@1.0.2", "", { "dependencies": { "es-define-property": "^1.0.0" } }, "sha512-55JNKuIW+vq4Ke1BjOTjM2YctQIvCT7GFzHwmfZPGo5wnrgkid0YQtnAleFSqumZm4az3n2BS+erby5ipJdgrg=="],

    "has-symbols": ["has-symbols@1.1.0", "", {}, "sha512-1cDNdwJ2Jaohmb3sg4OmKaMBwuC48sYni5HUw2DvsC8LjGTLK9h+eb1X6RyuOHe4hT0ULCW68iomhjUoKUqlPQ=="],

    "hasown": ["hasown@2.0.2", "", { "dependencies": { "function-bind": "^1.1.2" } }, "sha512-0hJU9SCPvmMzIBdZFqNPXWa6dqh7WdH0cII9y+CyS8rG3nL48Bclra9HmKhVVUHyPWNH5Y7xDwAB7bfgSjkUMQ=="],

    "isarray": ["isarray@2.0.5", "", {}, "sha512-xHjhDr3cNBK0BzdUJSPXZntQUx/mwMS5Rw4A7lPJ90XGAO6ISP/ePDNuo0vhqOZU+UD5JoodwCAAoZQd3FeAKw=="],

    "json-stable-stringify": ["json-stable-stringify@1.3.0", "", { "dependencies": { "call-bind": "^1.0.8", "call-bound": "^1.0.4", "isarray": "^2.0.5", "jsonify": "^0.0.1", "object-keys": "^1.1.1" } }, "sha512-qtYiSSFlwot9XHtF9bD9c7rwKjr+RecWT//ZnPvSmEjpV5mmPOCN4j8UjY5hbjNkOwZ/jQv3J6R1/pL7RwgMsg=="],

    "jsonify": ["jsonify@0.0.1", "", {}, "sha512-2/Ki0GcmuqSrgFyelQq9M05y7PS0mEwuIzrf3f1fPqkVDVRvZrPZtVSMHxdgo8Aq0sxAOb/cr2aqqA3LeWHVPg=="],

    "math-intrinsics": ["math-intrinsics@1.1.0", "", {}, "sha512-/IXtbwEk5HTPyEwyKX6hGkYXxM9nbj64B+ilVJnC/R6B0pH5G4V3b0pVbL7DBj4tkhBAppbQUlf6F6Xl9LHu1g=="],

    "nunjucks": ["nunjucks@3.2.4", "", { "dependencies": { "a-sync-waterfall": "^1.0.0", "asap": "^2.0.3", "commander": "^5.1.0" }, "peerDependencies": { "chokidar": "^3.3.0" }, "optionalPeers": ["chokidar"], "bin": { "nunjucks-precompile": "bin/precompile" } }, "sha512-26XRV6BhkgK0VOxfbU5cQI+ICFUtMLixv1noZn1tGU38kQH5A5nmmbk/O45xdyBhD1esk47nKrY0mvQpZIhRjQ=="],

    "object-keys": ["object-keys@1.1.1", "", {}, "sha512-NuAESUOUMrlIXOfHKzD6bpPu3tYt3xvjNdRIQ+FeT0lNb4K8WR70CaDxhuNguS2XG+GjkyMwOzsN5ZktImfhLA=="],

    "prettier": ["prettier@3.6.2", "", { "bin": { "prettier": "bin/prettier.cjs" } }, "sha512-I7AIg5boAr5R0FFtJ6rCfD+LFsWHp81dolrFD8S79U9tb8Az2nGrJncnMSnys+bpQJfRUzqs9hnA81OAA3hCuQ=="],

    "set-function-length": ["set-function-length@1.2.2", "", { "dependencies": { "define-data-property": "^1.1.4", "es-errors": "^1.3.0", "function-bind": "^1.1.2", "get-intrinsic": "^1.2.4", "gopd": "^1.0.1", "has-property-descriptors": "^1.0.2" } }, "sha512-pgRc4hJ4/sNjWCSS9AmnS40x3bNMDTknHgL5UaMBTMyJnU90EgWh1Rz+MC9eFu4BuN/UwZjKQuY/1v3rM7HMfg=="],

    "typescript": ["typescript@5.9.2", "", { "bin": { "tsc": "bin/tsc", "tsserver": "bin/tsserver" } }, "sha512-CWBzXQrc/qOkhidw1OzBTQuYRbfyxDXJMVJ1XNwUHGROVmuaeiEm3OslpZ1RV96d7SKKjZKrSJu3+t/xlw3R9A=="],

    "undici-types": ["undici-types@7.8.0", "", {}, "sha512-9UJ2xGDvQ43tYyVMpuHlsgApydB8ZKfVYTsLDhXkFL/6gfkp+U8xTGdh8pMJv1SpZna0zxG1DwsKZsreLbXBxw=="],

    "ws": ["ws@8.18.3", "", { "peerDependencies": { "bufferutil": "^4.0.1", "utf-8-validate": ">=5.0.2" }, "optionalPeers": ["bufferutil", "utf-8-validate"] }, "sha512-PEIGCY5tSlUt50cqyMXfCzX+oOPqN0vuGqWzbcJ2xvnkzkq46oOpz7dQaTDBdfICb4N14+GARUDw2XV2N4tvzg=="],

    "@solana/rpc-transport-http/undici-types": ["undici-types@7.13.0", "", {}, "sha512-Ov2Rr9Sx+fRgagJ5AX0qvItZG/JKKoBRAVITs1zk7IqZGTJUwgUr7qoYBpWwakpWilTZFM98rG/AFRocu10iIQ=="],

    "nunjucks/commander": ["commander@5.1.0", "", {}, "sha512-P0CysNDQ7rtVw4QIQtm+MRxV66vKFSvlsQvGYXZWR3qFU0jlMKHZZZgw8e+8DSah4UDKMqnknRDQz+xuQXQ/Zg=="],
  }
}
